// !$*UTF8*$!
{
	archiveVersion = 1;
	classes = {
	};
	objectVersion = 46;
	objects = {

/* Begin PBXBuildFile section */
		04289AC51C8946590018FBE1 /* SampleViewController.m in Sources */ = {isa = PBXBuildFile; fileRef = 04289AC41C8946590018FBE1 /* SampleViewController.m */; };
		04289AC61C8946590018FBE1 /* SampleViewController.m in Sources */ = {isa = PBXBuildFile; fileRef = 04289AC41C8946590018FBE1 /* SampleViewController.m */; };
		366C6AC91B5807630073F3CA /* main.m in Sources */ = {isa = PBXBuildFile; fileRef = 366C6AC81B5807630073F3CA /* main.m */; };
		366C6ACC1B5807630073F3CA /* AppDelegate.m in Sources */ = {isa = PBXBuildFile; fileRef = 366C6ACB1B5807630073F3CA /* AppDelegate.m */; };
		366C6ACF1B5807630073F3CA /* ViewController.m in Sources */ = {isa = PBXBuildFile; fileRef = 366C6ACE1B5807630073F3CA /* ViewController.m */; };
		366C6AD21B5807630073F3CA /* Main.storyboard in Resources */ = {isa = PBXBuildFile; fileRef = 366C6AD01B5807630073F3CA /* Main.storyboard */; };
		366C6AD41B5807630073F3CA /* Images.xcassets in Resources */ = {isa = PBXBuildFile; fileRef = 366C6AD31B5807630073F3CA /* Images.xcassets */; };
		366C6AD71B5807630073F3CA /* LaunchScreen.xib in Resources */ = {isa = PBXBuildFile; fileRef = 366C6AD51B5807630073F3CA /* LaunchScreen.xib */; };
		366C6AE31B5807630073F3CA /* CircleTestTests.m in Sources */ = {isa = PBXBuildFile; fileRef = 366C6AE21B5807630073F3CA /* CircleTestTests.m */; };
		4C88A5491C894670001881D3 /* SamepleViewController.m in Sources */ = {isa = PBXBuildFile; fileRef = 4C88A5481C894670001881D3 /* SamepleViewController.m */; };
/* End PBXBuildFile section */

/* Begin PBXContainerItemProxy section */
		366C6ADD1B5807630073F3CA /* PBXContainerItemProxy */ = {
			isa = PBXContainerItemProxy;
			containerPortal = 366C6ABB1B5807630073F3CA /* Project object */;
			proxyType = 1;
			remoteGlobalIDString = 366C6AC21B5807630073F3CA;
			remoteInfo = CircleTest;
		};
/* End PBXContainerItemProxy section */

/* Begin PBXFileReference section */
		04289AC31C8946590018FBE1 /* SampleViewController.h */ = {isa = PBXFileReference; fileEncoding = 4; lastKnownFileType = sourcecode.c.h; path = SampleViewController.h; sourceTree = "<group>"; };
		04289AC41C8946590018FBE1 /* SampleViewController.m */ = {isa = PBXFileReference; fileEncoding = 4; lastKnownFileType = sourcecode.c.objc; path = SampleViewController.m; sourceTree = "<group>"; };
		366C6AC31B5807630073F3CA /* CircleTest.app */ = {isa = PBXFileReference; explicitFileType = wrapper.application; includeInIndex = 0; path = CircleTest.app; sourceTree = BUILT_PRODUCTS_DIR; };
		366C6AC71B5807630073F3CA /* Info.plist */ = {isa = PBXFileReference; lastKnownFileType = text.plist.xml; path = Info.plist; sourceTree = "<group>"; };
		366C6AC81B5807630073F3CA /* main.m */ = {isa = PBXFileReference; lastKnownFileType = sourcecode.c.objc; path = main.m; sourceTree = "<group>"; };
		366C6ACA1B5807630073F3CA /* AppDelegate.h */ = {isa = PBXFileReference; lastKnownFileType = sourcecode.c.h; path = AppDelegate.h; sourceTree = "<group>"; };
		366C6ACB1B5807630073F3CA /* AppDelegate.m */ = {isa = PBXFileReference; lastKnownFileType = sourcecode.c.objc; path = AppDelegate.m; sourceTree = "<group>"; };
		366C6ACD1B5807630073F3CA /* ViewController.h */ = {isa = PBXFileReference; lastKnownFileType = sourcecode.c.h; path = ViewController.h; sourceTree = "<group>"; };
		366C6ACE1B5807630073F3CA /* ViewController.m */ = {isa = PBXFileReference; lastKnownFileType = sourcecode.c.objc; path = ViewController.m; sourceTree = "<group>"; };
		366C6AD11B5807630073F3CA /* Base */ = {isa = PBXFileReference; lastKnownFileType = file.storyboard; name = Base; path = Base.lproj/Main.storyboard; sourceTree = "<group>"; };
		366C6AD31B5807630073F3CA /* Images.xcassets */ = {isa = PBXFileReference; lastKnownFileType = folder.assetcatalog; path = Images.xcassets; sourceTree = "<group>"; };
		366C6AD61B5807630073F3CA /* Base */ = {isa = PBXFileReference; lastKnownFileType = file.xib; name = Base; path = Base.lproj/LaunchScreen.xib; sourceTree = "<group>"; };
		366C6ADC1B5807630073F3CA /* CircleTestTests.xctest */ = {isa = PBXFileReference; explicitFileType = wrapper.cfbundle; includeInIndex = 0; path = CircleTestTests.xctest; sourceTree = BUILT_PRODUCTS_DIR; };
		366C6AE11B5807630073F3CA /* Info.plist */ = {isa = PBXFileReference; lastKnownFileType = text.plist.xml; path = Info.plist; sourceTree = "<group>"; };
		366C6AE21B5807630073F3CA /* CircleTestTests.m */ = {isa = PBXFileReference; lastKnownFileType = sourcecode.c.objc; path = CircleTestTests.m; sourceTree = "<group>"; };
		4C88A5471C894670001881D3 /* SamepleViewController.h */ = {isa = PBXFileReference; fileEncoding = 4; lastKnownFileType = sourcecode.c.h; path = SamepleViewController.h; sourceTree = "<group>"; };
		4C88A5481C894670001881D3 /* SamepleViewController.m */ = {isa = PBXFileReference; fileEncoding = 4; lastKnownFileType = sourcecode.c.objc; path = SamepleViewController.m; sourceTree = "<group>"; };
/* End PBXFileReference section */

/* Begin PBXFrameworksBuildPhase section */
		366C6AC01B5807630073F3CA /* Frameworks */ = {
			isa = PBXFrameworksBuildPhase;
			buildActionMask = 2147483647;
			files = (
			);
			runOnlyForDeploymentPostprocessing = 0;
		};
		366C6AD91B5807630073F3CA /* Frameworks */ = {
			isa = PBXFrameworksBuildPhase;
			buildActionMask = 2147483647;
			files = (
			);
			runOnlyForDeploymentPostprocessing = 0;
		};
/* End PBXFrameworksBuildPhase section */

/* Begin PBXGroup section */
		366C6ABA1B5807620073F3CA = {
			isa = PBXGroup;
			children = (
				366C6AC51B5807630073F3CA /* CircleTest */,
				366C6ADF1B5807630073F3CA /* CircleTestTests */,
				366C6AC41B5807630073F3CA /* Products */,
			);
			sourceTree = "<group>";
		};
		366C6AC41B5807630073F3CA /* Products */ = {
			isa = PBXGroup;
			children = (
				366C6AC31B5807630073F3CA /* CircleTest.app */,
				366C6ADC1B5807630073F3CA /* CircleTestTests.xctest */,
			);
			name = Products;
			sourceTree = "<group>";
		};
		366C6AC51B5807630073F3CA /* CircleTest */ = {
			isa = PBXGroup;
			children = (
				366C6ACA1B5807630073F3CA /* AppDelegate.h */,
				366C6ACB1B5807630073F3CA /* AppDelegate.m */,
				366C6ACD1B5807630073F3CA /* ViewController.h */,
				366C6ACE1B5807630073F3CA /* ViewController.m */,
				04289AC31C8946590018FBE1 /* SampleViewController.h */,
				04289AC41C8946590018FBE1 /* SampleViewController.m */,
				4C88A5471C894670001881D3 /* SamepleViewController.h */,
				4C88A5481C894670001881D3 /* SamepleViewController.m */,
				366C6AD01B5807630073F3CA /* Main.storyboard */,
				366C6AD31B5807630073F3CA /* Images.xcassets */,
				366C6AD51B5807630073F3CA /* LaunchScreen.xib */,
				366C6AC61B5807630073F3CA /* Supporting Files */,
			);
			path = CircleTest;
			sourceTree = "<group>";
		};
		366C6AC61B5807630073F3CA /* Supporting Files */ = {
			isa = PBXGroup;
			children = (
				366C6AC71B5807630073F3CA /* Info.plist */,
				366C6AC81B5807630073F3CA /* main.m */,
			);
			name = "Supporting Files";
			sourceTree = "<group>";
		};
		366C6ADF1B5807630073F3CA /* CircleTestTests */ = {
			isa = PBXGroup;
			children = (
				366C6AE21B5807630073F3CA /* CircleTestTests.m */,
				366C6AE01B5807630073F3CA /* Supporting Files */,
			);
			path = CircleTestTests;
			sourceTree = "<group>";
		};
		366C6AE01B5807630073F3CA /* Supporting Files */ = {
			isa = PBXGroup;
			children = (
				366C6AE11B5807630073F3CA /* Info.plist */,
			);
			name = "Supporting Files";
			sourceTree = "<group>";
		};
/* End PBXGroup section */

/* Begin PBXNativeTarget section */
		366C6AC21B5807630073F3CA /* CircleTest */ = {
			isa = PBXNativeTarget;
			buildConfigurationList = 366C6AE61B5807630073F3CA /* Build configuration list for PBXNativeTarget "CircleTest" */;
			buildPhases = (
				366C6ABF1B5807630073F3CA /* Sources */,
				366C6AC01B5807630073F3CA /* Frameworks */,
				366C6AC11B5807630073F3CA /* Resources */,
			);
			buildRules = (
			);
			dependencies = (
			);
			name = CircleTest;
			productName = CircleTest;
			productReference = 366C6AC31B5807630073F3CA /* CircleTest.app */;
			productType = "com.apple.product-type.application";
		};
		366C6ADB1B5807630073F3CA /* CircleTestTests */ = {
			isa = PBXNativeTarget;
			buildConfigurationList = 366C6AE91B5807630073F3CA /* Build configuration list for PBXNativeTarget "CircleTestTests" */;
			buildPhases = (
				366C6AD81B5807630073F3CA /* Sources */,
				366C6AD91B5807630073F3CA /* Frameworks */,
				366C6ADA1B5807630073F3CA /* Resources */,
			);
			buildRules = (
			);
			dependencies = (
				366C6ADE1B5807630073F3CA /* PBXTargetDependency */,
			);
			name = CircleTestTests;
			productName = CircleTestTests;
			productReference = 366C6ADC1B5807630073F3CA /* CircleTestTests.xctest */;
			productType = "com.apple.product-type.bundle.unit-test";
		};
/* End PBXNativeTarget section */

/* Begin PBXProject section */
		366C6ABB1B5807630073F3CA /* Project object */ = {
			isa = PBXProject;
			attributes = {
				LastUpgradeCheck = 0630;
				ORGANIZATIONNAME = "Mihir Mehta";
				TargetAttributes = {
					366C6AC21B5807630073F3CA = {
						CreatedOnToolsVersion = 6.3.2;
					};
					366C6ADB1B5807630073F3CA = {
						CreatedOnToolsVersion = 6.3.2;
						TestTargetID = 366C6AC21B5807630073F3CA;
					};
				};
			};
			buildConfigurationList = 366C6ABE1B5807630073F3CA /* Build configuration list for PBXProject "CircleTest" */;
			compatibilityVersion = "Xcode 3.2";
			developmentRegion = English;
			hasScannedForEncodings = 0;
			knownRegions = (
				en,
				Base,
			);
			mainGroup = 366C6ABA1B5807620073F3CA;
			productRefGroup = 366C6AC41B5807630073F3CA /* Products */;
			projectDirPath = "";
			projectRoot = "";
			targets = (
				366C6AC21B5807630073F3CA /* CircleTest */,
				366C6ADB1B5807630073F3CA /* CircleTestTests */,
			);
		};
/* End PBXProject section */

/* Begin PBXResourcesBuildPhase section */
		366C6AC11B5807630073F3CA /* Resources */ = {
			isa = PBXResourcesBuildPhase;
			buildActionMask = 2147483647;
			files = (
				366C6AD21B5807630073F3CA /* Main.storyboard in Resources */,
				366C6AD71B5807630073F3CA /* LaunchScreen.xib in Resources */,
				366C6AD41B5807630073F3CA /* Images.xcassets in Resources */,
			);
			runOnlyForDeploymentPostprocessing = 0;
		};
		366C6ADA1B5807630073F3CA /* Resources */ = {
			isa = PBXResourcesBuildPhase;
			buildActionMask = 2147483647;
			files = (
			);
			runOnlyForDeploymentPostprocessing = 0;
		};
/* End PBXResourcesBuildPhase section */

/* Begin PBXSourcesBuildPhase section */
		366C6ABF1B5807630073F3CA /* Sources */ = {
			isa = PBXSourcesBuildPhase;
			buildActionMask = 2147483647;
			files = (
				4C88A5491C894670001881D3 /* SamepleViewController.m in Sources */,
				366C6ACF1B5807630073F3CA /* ViewController.m in Sources */,
				366C6ACC1B5807630073F3CA /* AppDelegate.m in Sources */,
				04289AC51C8946590018FBE1 /* SampleViewController.m in Sources */,
				366C6AC91B5807630073F3CA /* main.m in Sources */,
			);
			runOnlyForDeploymentPostprocessing = 0;
		};
		366C6AD81B5807630073F3CA /* Sources */ = {
			isa = PBXSourcesBuildPhase;
			buildActionMask = 2147483647;
			files = (
				04289AC61C8946590018FBE1 /* SampleViewController.m in Sources */,
				366C6AE31B5807630073F3CA /* CircleTestTests.m in Sources */,
			);
			runOnlyForDeploymentPostprocessing = 0;
		};
/* End PBXSourcesBuildPhase section */

/* Begin PBXTargetDependency section */
		366C6ADE1B5807630073F3CA /* PBXTargetDependency */ = {
			isa = PBXTargetDependency;
			target = 366C6AC21B5807630073F3CA /* CircleTest */;
			targetProxy = 366C6ADD1B5807630073F3CA /* PBXContainerItemProxy */;
		};
/* End PBXTargetDependency section */

/* Begin PBXVariantGroup section */
		366C6AD01B5807630073F3CA /* Main.storyboard */ = {
			isa = PBXVariantGroup;
			children = (
				366C6AD11B5807630073F3CA /* Base */,
			);
			name = Main.storyboard;
			sourceTree = "<group>";
		};
		366C6AD51B5807630073F3CA /* LaunchScreen.xib */ = {
			isa = PBXVariantGroup;
			children = (
				366C6AD61B5807630073F3CA /* Base */,
			);
			name = LaunchScreen.xib;
			sourceTree = "<group>";
		};
/* End PBXVariantGroup section */

/* Begin XCBuildConfiguration section */
		366C6AE41B5807630073F3CA /* Debug */ = {
			isa = XCBuildConfiguration;
			buildSettings = {
				ALWAYS_SEARCH_USER_PATHS = NO;
				CLANG_CXX_LANGUAGE_STANDARD = "gnu++0x";
				CLANG_CXX_LIBRARY = "libc++";
				CLANG_ENABLE_MODULES = YES;
				CLANG_ENABLE_OBJC_ARC = YES;
				CLANG_WARN_BOOL_CONVERSION = YES;
				CLANG_WARN_CONSTANT_CONVERSION = YES;
				CLANG_WARN_DIRECT_OBJC_ISA_USAGE = YES_ERROR;
				CLANG_WARN_EMPTY_BODY = YES;
				CLANG_WARN_ENUM_CONVERSION = YES;
				CLANG_WARN_INT_CONVERSION = YES;
				CLANG_WARN_OBJC_ROOT_CLASS = YES_ERROR;
				CLANG_WARN_UNREACHABLE_CODE = YES;
				CLANG_WARN__DUPLICATE_METHOD_MATCH = YES;
				"CODE_SIGN_IDENTITY[sdk=iphoneos*]" = "iPhone Developer";
				COPY_PHASE_STRIP = NO;
				DEBUG_INFORMATION_FORMAT = "dwarf-with-dsym";
				ENABLE_STRICT_OBJC_MSGSEND = YES;
				GCC_C_LANGUAGE_STANDARD = gnu99;
				GCC_DYNAMIC_NO_PIC = NO;
				GCC_NO_COMMON_BLOCKS = YES;
				GCC_OPTIMIZATION_LEVEL = 0;
				GCC_PREPROCESSOR_DEFINITIONS = (
					"DEBUG=1",
					"$(inherited)",
				);
				GCC_SYMBOLS_PRIVATE_EXTERN = NO;
				GCC_WARN_64_TO_32_BIT_CONVERSION = YES;
				GCC_WARN_ABOUT_RETURN_TYPE = YES_ERROR;
				GCC_WARN_UNDECLARED_SELECTOR = YES;
				GCC_WARN_UNINITIALIZED_AUTOS = YES_AGGRESSIVE;
				GCC_WARN_UNUSED_FUNCTION = YES;
				GCC_WARN_UNUSED_VARIABLE = YES;
				IPHONEOS_DEPLOYMENT_TARGET = 8.3;
				MTL_ENABLE_DEBUG_INFO = YES;
				ONLY_ACTIVE_ARCH = YES;
				SDKROOT = iphoneos;
				TARGETED_DEVICE_FAMILY = "1,2";
			};
			name = Debug;
		};
		366C6AE51B5807630073F3CA /* Release */ = {
			isa = XCBuildConfiguration;
			buildSettings = {
				ALWAYS_SEARCH_USER_PATHS = NO;
				CLANG_CXX_LANGUAGE_STANDARD = "gnu++0x";
				CLANG_CXX_LIBRARY = "libc++";
				CLANG_ENABLE_MODULES = YES;
				CLANG_ENABLE_OBJC_ARC = YES;
				CLANG_WARN_BOOL_CONVERSION = YES;
				CLANG_WARN_CONSTANT_CONVERSION = YES;
				CLANG_WARN_DIRECT_OBJC_ISA_USAGE = YES_ERROR;
				CLANG_WARN_EMPTY_BODY = YES;
				CLANG_WARN_ENUM_CONVERSION = YES;
				CLANG_WARN_INT_CONVERSION = YES;
				CLANG_WARN_OBJC_ROOT_CLASS = YES_ERROR;
				CLANG_WARN_UNREACHABLE_CODE = YES;
				CLANG_WARN__DUPLICATE_METHOD_MATCH = YES;
				"CODE_SIGN_IDENTITY[sdk=iphoneos*]" = "iPhone Developer";
				COPY_PHASE_STRIP = NO;
				DEBUG_INFORMATION_FORMAT = "dwarf-with-dsym";
				ENABLE_NS_ASSERTIONS = NO;
				ENABLE_STRICT_OBJC_MSGSEND = YES;
				GCC_C_LANGUAGE_STANDARD = gnu99;
				GCC_NO_COMMON_BLOCKS = YES;
				GCC_WARN_64_TO_32_BIT_CONVERSION = YES;
				GCC_WARN_ABOUT_RETURN_TYPE = YES_ERROR;
				GCC_WARN_UNDECLARED_SELECTOR = YES;
				GCC_WARN_UNINITIALIZED_AUTOS = YES_AGGRESSIVE;
				GCC_WARN_UNUSED_FUNCTION = YES;
				GCC_WARN_UNUSED_VARIABLE = YES;
				IPHONEOS_DEPLOYMENT_TARGET = 8.3;
				MTL_ENABLE_DEBUG_INFO = NO;
				SDKROOT = iphoneos;
				TARGETED_DEVICE_FAMILY = "1,2";
				VALIDATE_PRODUCT = YES;
			};
			name = Release;
		};
		366C6AE71B5807630073F3CA /* Debug */ = {
			isa = XCBuildConfiguration;
			buildSettings = {
				ASSETCATALOG_COMPILER_APPICON_NAME = AppIcon;
				INFOPLIST_FILE = CircleTest/Info.plist;
				LD_RUNPATH_SEARCH_PATHS = "$(inherited) @executable_path/Frameworks";
				PRODUCT_NAME = "$(TARGET_NAME)";
			};
			name = Debug;
		};
		366C6AE81B5807630073F3CA /* Release */ = {
			isa = XCBuildConfiguration;
			buildSettings = {
				ASSETCATALOG_COMPILER_APPICON_NAME = AppIcon;
				INFOPLIST_FILE = CircleTest/Info.plist;
				LD_RUNPATH_SEARCH_PATHS = "$(inherited) @executable_path/Frameworks";
				PRODUCT_NAME = "$(TARGET_NAME)";
			};
			name = Release;
		};
		366C6AEA1B5807630073F3CA /* Debug */ = {
			isa = XCBuildConfiguration;
			buildSettings = {
				BUNDLE_LOADER = "$(TEST_HOST)";
				FRAMEWORK_SEARCH_PATHS = (
					"$(SDKROOT)/Developer/Library/Frameworks",
					"$(inherited)",
				);
				GCC_PREPROCESSOR_DEFINITIONS = (
					"DEBUG=1",
					"$(inherited)",
				);
				INFOPLIST_FILE = CircleTestTests/Info.plist;
				LD_RUNPATH_SEARCH_PATHS = "$(inherited) @executable_path/Frameworks @loader_path/Frameworks";
				PRODUCT_NAME = "$(TARGET_NAME)";
				TEST_HOST = "$(BUILT_PRODUCTS_DIR)/CircleTest.app/CircleTest";
			};
			name = Debug;
		};
		366C6AEB1B5807630073F3CA /* Release */ = {
			isa = XCBuildConfiguration;
			buildSettings = {
				BUNDLE_LOADER = "$(TEST_HOST)";
				FRAMEWORK_SEARCH_PATHS = (
					"$(SDKROOT)/Developer/Library/Frameworks",
					"$(inherited)",
				);
				INFOPLIST_FILE = CircleTestTests/Info.plist;
				LD_RUNPATH_SEARCH_PATHS = "$(inherited) @executable_path/Frameworks @loader_path/Frameworks";
				PRODUCT_NAME = "$(TARGET_NAME)";
				TEST_HOST = "$(BUILT_PRODUCTS_DIR)/CircleTest.app/CircleTest";
			};
			name = Release;
		};
/* End XCBuildConfiguration section */

/* Begin XCConfigurationList section */
		366C6ABE1B5807630073F3CA /* Build configuration list for PBXProject "CircleTest" */ = {
			isa = XCConfigurationList;
			buildConfigurations = (
				366C6AE41B5807630073F3CA /* Debug */,
				366C6AE51B5807630073F3CA /* Release */,
			);
			defaultConfigurationIsVisible = 0;
			defaultConfigurationName = Release;
		};
		366C6AE61B5807630073F3CA /* Build configuration list for PBXNativeTarget "CircleTest" */ = {
			isa = XCConfigurationList;
			buildConfigurations = (
				366C6AE71B5807630073F3CA /* Debug */,
				366C6AE81B5807630073F3CA /* Release */,
			);
			defaultConfigurationIsVisible = 0;
			defaultConfigurationName = Release;
		};
		366C6AE91B5807630073F3CA /* Build configuration list for PBXNativeTarget "CircleTestTests" */ = {
			isa = XCConfigurationList;
			buildConfigurations = (
				366C6AEA1B5807630073F3CA /* Debug */,
				366C6AEB1B5807630073F3CA /* Release */,
			);
			defaultConfigurationIsVisible = 0;
			defaultConfigurationName = Release;
		};
/* End XCConfigurationList section */
	};
	rootObject = 366C6ABB1B5807630073F3CA /* Project object */;
}
